
Microsoft Visual Studio Solution File, Format Version 12.00
# Visual Studio Version 17
VisualStudioVersion = 17.2.32630.192
MinimumVisualStudioVersion = 10.0.40219.1
Project("{FAE04EC0-301F-11D3-BF4B-00C04F79EFBC}") = "Sample API", "Sample API\Sample API.csproj", "{4F6B9FA2-AEA5-4E20-94AD-97302F709E50}"
EndProject
Global
	GlobalSection(SolutionConfigurationPlatforms) = preSolution
		Debug|Any CPU = Debug|Any CPU
		Release|Any CPU = Release|Any CPU
	EndGlobalSection
	GlobalSection(ProjectConfigurationPlatforms) = postSolution
		{4F6B9FA2-AEA5-4E20-94AD-97302F709E50}.Debug|Any CPU.ActiveCfg = Debug|Any CPU
		{4F6B9FA2-AEA5-4E20-94AD-97302F709E50}.Debug|Any CPU.Build.0 = Debug|Any CPU
		{4F6B9FA2-AEA5-4E20-94AD-97302F709E50}.Release|Any CPU.ActiveCfg = Release|Any CPU
		{4F6B9FA2-AEA5-4E20-94AD-97302F709E50}.Release|Any CPU.Build.0 = Release|Any CPU
	EndGlobalSection
	GlobalSection(SolutionProperties) = preSolution
		HideSolutionNode = FALSE
	EndGlobalSection
	GlobalSection(ExtensibilityGlobals) = postSolution
		SolutionGuid = {AA85E39D-939C-407E-8190-7038992D6470}
	EndGlobalSection
EndGlobal
